
Microsoft Visual Studio Solution File, Format Version 12.00
# Visual Studio Version 16
VisualStudioVersion = 16.0.33529.622
MinimumVisualStudioVersion = 10.0.40219.1
Project("{FAE04EC0-301F-11D3-BF4B-00C04F79EFBC}") = "IndexadoresEIteradores", "IndexadoresEIteradores.csproj", "{9E155214-D412-4DE1-BD1C-28FF9587465A}"
EndProject
Global
	GlobalSection(SolutionConfigurationPlatforms) = preSolution
		Debug|Any CPU = Debug|Any CPU
		Release|Any CPU = Release|Any CPU
	EndGlobalSection
	GlobalSection(ProjectConfigurationPlatforms) = postSolution
		{9E155214-D412-4DE1-BD1C-28FF9587465A}.Debug|Any CPU.ActiveCfg = Debug|Any CPU
		{9E155214-D412-4DE1-BD1C-28FF9587465A}.Debug|Any CPU.Build.0 = Debug|Any CPU
		{9E155214-D412-4DE1-BD1C-28FF9587465A}.Release|Any CPU.ActiveCfg = Release|Any CPU
		{9E155214-D412-4DE1-BD1C-28FF9587465A}.Release|Any CPU.Build.0 = Release|Any CPU
	EndGlobalSection
	GlobalSection(SolutionProperties) = preSolution
		HideSolutionNode = FALSE
	EndGlobalSection
	GlobalSection(ExtensibilityGlobals) = postSolution
		SolutionGuid = {0FCC4409-E29B-4A56-984D-D8F0F6F2EE8F}
	EndGlobalSection
EndGlobal
