
Microsoft Visual Studio Solution File, Format Version 12.00
# Visual Studio Version 16
VisualStudioVersion = 16.0.32802.440
MinimumVisualStudioVersion = 10.0.40219.1
Project("{FAE04EC0-301F-11D3-BF4B-00C04F79EFBC}") = "ListadoDeMercadería", "ListadoDeMercadería.csproj", "{74BA3820-EDFB-4482-8EB5-66A6BCC4FAE2}"
EndProject
Global
	GlobalSection(SolutionConfigurationPlatforms) = preSolution
		Debug|Any CPU = Debug|Any CPU
		Release|Any CPU = Release|Any CPU
	EndGlobalSection
	GlobalSection(ProjectConfigurationPlatforms) = postSolution
		{74BA3820-EDFB-4482-8EB5-66A6BCC4FAE2}.Debug|Any CPU.ActiveCfg = Debug|Any CPU
		{74BA3820-EDFB-4482-8EB5-66A6BCC4FAE2}.Debug|Any CPU.Build.0 = Debug|Any CPU
		{74BA3820-EDFB-4482-8EB5-66A6BCC4FAE2}.Release|Any CPU.ActiveCfg = Release|Any CPU
		{74BA3820-EDFB-4482-8EB5-66A6BCC4FAE2}.Release|Any CPU.Build.0 = Release|Any CPU
	EndGlobalSection
	GlobalSection(SolutionProperties) = preSolution
		HideSolutionNode = FALSE
	EndGlobalSection
	GlobalSection(ExtensibilityGlobals) = postSolution
		SolutionGuid = {2BAE6D89-21D8-4CA0-81ED-F81744A5F4EE}
	EndGlobalSection
EndGlobal
