
Microsoft Visual Studio Solution File, Format Version 12.00
# Visual Studio Version 16
VisualStudioVersion = 16.0.32802.440
MinimumVisualStudioVersion = 10.0.40219.1
Project("{FAE04EC0-301F-11D3-BF4B-00C04F79EFBC}") = "WF- ValidacionesYSQL", "WF- ValidacionesYSQL.csproj", "{6270FFF1-B455-4759-A3B6-EE5066270150}"
EndProject
Project("{FAE04EC0-301F-11D3-BF4B-00C04F79EFBC}") = "BL", "..\BL\BL.csproj", "{F9A31936-8A71-4402-8A3C-A3AD1E5E7F62}"
EndProject
Project("{FAE04EC0-301F-11D3-BF4B-00C04F79EFBC}") = "DAL", "..\DAL\DAL.csproj", "{2584D6A4-7A08-438A-BED9-2B68DC917030}"
EndProject
Project("{FAE04EC0-301F-11D3-BF4B-00C04F79EFBC}") = "EN", "..\EN\EN.csproj", "{F4E9CC8D-6CB0-4AC8-A609-02B1EB73FB49}"
EndProject
Global
	GlobalSection(SolutionConfigurationPlatforms) = preSolution
		Debug|Any CPU = Debug|Any CPU
		Release|Any CPU = Release|Any CPU
	EndGlobalSection
	GlobalSection(ProjectConfigurationPlatforms) = postSolution
		{6270FFF1-B455-4759-A3B6-EE5066270150}.Debug|Any CPU.ActiveCfg = Debug|Any CPU
		{6270FFF1-B455-4759-A3B6-EE5066270150}.Debug|Any CPU.Build.0 = Debug|Any CPU
		{6270FFF1-B455-4759-A3B6-EE5066270150}.Release|Any CPU.ActiveCfg = Release|Any CPU
		{6270FFF1-B455-4759-A3B6-EE5066270150}.Release|Any CPU.Build.0 = Release|Any CPU
		{F9A31936-8A71-4402-8A3C-A3AD1E5E7F62}.Debug|Any CPU.ActiveCfg = Debug|Any CPU
		{F9A31936-8A71-4402-8A3C-A3AD1E5E7F62}.Debug|Any CPU.Build.0 = Debug|Any CPU
		{F9A31936-8A71-4402-8A3C-A3AD1E5E7F62}.Release|Any CPU.ActiveCfg = Release|Any CPU
		{F9A31936-8A71-4402-8A3C-A3AD1E5E7F62}.Release|Any CPU.Build.0 = Release|Any CPU
		{2584D6A4-7A08-438A-BED9-2B68DC917030}.Debug|Any CPU.ActiveCfg = Debug|Any CPU
		{2584D6A4-7A08-438A-BED9-2B68DC917030}.Debug|Any CPU.Build.0 = Debug|Any CPU
		{2584D6A4-7A08-438A-BED9-2B68DC917030}.Release|Any CPU.ActiveCfg = Release|Any CPU
		{2584D6A4-7A08-438A-BED9-2B68DC917030}.Release|Any CPU.Build.0 = Release|Any CPU
		{F4E9CC8D-6CB0-4AC8-A609-02B1EB73FB49}.Debug|Any CPU.ActiveCfg = Debug|Any CPU
		{F4E9CC8D-6CB0-4AC8-A609-02B1EB73FB49}.Debug|Any CPU.Build.0 = Debug|Any CPU
		{F4E9CC8D-6CB0-4AC8-A609-02B1EB73FB49}.Release|Any CPU.ActiveCfg = Release|Any CPU
		{F4E9CC8D-6CB0-4AC8-A609-02B1EB73FB49}.Release|Any CPU.Build.0 = Release|Any CPU
	EndGlobalSection
	GlobalSection(SolutionProperties) = preSolution
		HideSolutionNode = FALSE
	EndGlobalSection
	GlobalSection(ExtensibilityGlobals) = postSolution
		SolutionGuid = {3648F728-8F20-4015-88BB-D92A8C8EF4AA}
	EndGlobalSection
EndGlobal
