
Microsoft Visual Studio Solution File, Format Version 12.00
# Visual Studio Version 16
VisualStudioVersion = 16.0.32802.440
MinimumVisualStudioVersion = 10.0.40219.1
Project("{FAE04EC0-301F-11D3-BF4B-00C04F79EFBC}") = "Herencia-Ejercicio", "Herencia-Ejercicio.csproj", "{718BDB75-07B6-4918-A4CC-7C56D50D3F69}"
EndProject
Global
	GlobalSection(SolutionConfigurationPlatforms) = preSolution
		Debug|Any CPU = Debug|Any CPU
		Release|Any CPU = Release|Any CPU
	EndGlobalSection
	GlobalSection(ProjectConfigurationPlatforms) = postSolution
		{718BDB75-07B6-4918-A4CC-7C56D50D3F69}.Debug|Any CPU.ActiveCfg = Debug|Any CPU
		{718BDB75-07B6-4918-A4CC-7C56D50D3F69}.Debug|Any CPU.Build.0 = Debug|Any CPU
		{718BDB75-07B6-4918-A4CC-7C56D50D3F69}.Release|Any CPU.ActiveCfg = Release|Any CPU
		{718BDB75-07B6-4918-A4CC-7C56D50D3F69}.Release|Any CPU.Build.0 = Release|Any CPU
	EndGlobalSection
	GlobalSection(SolutionProperties) = preSolution
		HideSolutionNode = FALSE
	EndGlobalSection
	GlobalSection(ExtensibilityGlobals) = postSolution
		SolutionGuid = {E269D048-ABC0-432C-B3CC-9C818A87F65D}
	EndGlobalSection
EndGlobal
