
Microsoft Visual Studio Solution File, Format Version 12.00
# Visual Studio Version 16
VisualStudioVersion = 16.0.32802.440
MinimumVisualStudioVersion = 10.0.40219.1
Project("{FAE04EC0-301F-11D3-BF4B-00C04F79EFBC}") = "Pildoras-Task", "Pildoras-Task.csproj", "{C72ABAB7-650B-4E94-801C-BFC598E2FA85}"
EndProject
Project("{FAE04EC0-301F-11D3-BF4B-00C04F79EFBC}") = "Task2", "..\Task2\Task2.csproj", "{56838CE0-877B-4A19-9088-0FE525DB0683}"
EndProject
Project("{FAE04EC0-301F-11D3-BF4B-00C04F79EFBC}") = "Task3", "..\Task3\Task3.csproj", "{4546C37A-6334-40D8-A48D-C5BDCDC5C00F}"
EndProject
Project("{FAE04EC0-301F-11D3-BF4B-00C04F79EFBC}") = "Task4", "..\Task4\Task4.csproj", "{52D0FBAC-C8E1-4748-B8E7-EC622F8417C7}"
EndProject
Project("{FAE04EC0-301F-11D3-BF4B-00C04F79EFBC}") = "Task5", "..\Task5\Task5.csproj", "{C7E22530-67E4-417D-8627-C0C7BAC5AE16}"
EndProject
Global
	GlobalSection(SolutionConfigurationPlatforms) = preSolution
		Debug|Any CPU = Debug|Any CPU
		Release|Any CPU = Release|Any CPU
	EndGlobalSection
	GlobalSection(ProjectConfigurationPlatforms) = postSolution
		{C72ABAB7-650B-4E94-801C-BFC598E2FA85}.Debug|Any CPU.ActiveCfg = Debug|Any CPU
		{C72ABAB7-650B-4E94-801C-BFC598E2FA85}.Debug|Any CPU.Build.0 = Debug|Any CPU
		{C72ABAB7-650B-4E94-801C-BFC598E2FA85}.Release|Any CPU.ActiveCfg = Release|Any CPU
		{C72ABAB7-650B-4E94-801C-BFC598E2FA85}.Release|Any CPU.Build.0 = Release|Any CPU
		{56838CE0-877B-4A19-9088-0FE525DB0683}.Debug|Any CPU.ActiveCfg = Debug|Any CPU
		{56838CE0-877B-4A19-9088-0FE525DB0683}.Debug|Any CPU.Build.0 = Debug|Any CPU
		{56838CE0-877B-4A19-9088-0FE525DB0683}.Release|Any CPU.ActiveCfg = Release|Any CPU
		{56838CE0-877B-4A19-9088-0FE525DB0683}.Release|Any CPU.Build.0 = Release|Any CPU
		{4546C37A-6334-40D8-A48D-C5BDCDC5C00F}.Debug|Any CPU.ActiveCfg = Debug|Any CPU
		{4546C37A-6334-40D8-A48D-C5BDCDC5C00F}.Debug|Any CPU.Build.0 = Debug|Any CPU
		{4546C37A-6334-40D8-A48D-C5BDCDC5C00F}.Release|Any CPU.ActiveCfg = Release|Any CPU
		{4546C37A-6334-40D8-A48D-C5BDCDC5C00F}.Release|Any CPU.Build.0 = Release|Any CPU
		{52D0FBAC-C8E1-4748-B8E7-EC622F8417C7}.Debug|Any CPU.ActiveCfg = Debug|Any CPU
		{52D0FBAC-C8E1-4748-B8E7-EC622F8417C7}.Debug|Any CPU.Build.0 = Debug|Any CPU
		{52D0FBAC-C8E1-4748-B8E7-EC622F8417C7}.Release|Any CPU.ActiveCfg = Release|Any CPU
		{52D0FBAC-C8E1-4748-B8E7-EC622F8417C7}.Release|Any CPU.Build.0 = Release|Any CPU
		{C7E22530-67E4-417D-8627-C0C7BAC5AE16}.Debug|Any CPU.ActiveCfg = Debug|Any CPU
		{C7E22530-67E4-417D-8627-C0C7BAC5AE16}.Debug|Any CPU.Build.0 = Debug|Any CPU
		{C7E22530-67E4-417D-8627-C0C7BAC5AE16}.Release|Any CPU.ActiveCfg = Release|Any CPU
		{C7E22530-67E4-417D-8627-C0C7BAC5AE16}.Release|Any CPU.Build.0 = Release|Any CPU
	EndGlobalSection
	GlobalSection(SolutionProperties) = preSolution
		HideSolutionNode = FALSE
	EndGlobalSection
	GlobalSection(ExtensibilityGlobals) = postSolution
		SolutionGuid = {4AB981A2-A5BD-4A00-9888-A70BA6080512}
	EndGlobalSection
EndGlobal
