
Microsoft Visual Studio Solution File, Format Version 12.00
# Visual Studio Version 17
VisualStudioVersion = 17.6.33815.320
MinimumVisualStudioVersion = 10.0.40219.1
Project("{FAE04EC0-301F-11D3-BF4B-00C04F79EFBC}") = "University-API", "University-API\University-API.csproj", "{0AC111F4-DE04-4DD1-84B3-878AC65691B7}"
EndProject
Global
	GlobalSection(SolutionConfigurationPlatforms) = preSolution
		Debug|Any CPU = Debug|Any CPU
		Release|Any CPU = Release|Any CPU
	EndGlobalSection
	GlobalSection(ProjectConfigurationPlatforms) = postSolution
		{0AC111F4-DE04-4DD1-84B3-878AC65691B7}.Debug|Any CPU.ActiveCfg = Debug|Any CPU
		{0AC111F4-DE04-4DD1-84B3-878AC65691B7}.Debug|Any CPU.Build.0 = Debug|Any CPU
		{0AC111F4-DE04-4DD1-84B3-878AC65691B7}.Release|Any CPU.ActiveCfg = Release|Any CPU
		{0AC111F4-DE04-4DD1-84B3-878AC65691B7}.Release|Any CPU.Build.0 = Release|Any CPU
	EndGlobalSection
	GlobalSection(SolutionProperties) = preSolution
		HideSolutionNode = FALSE
	EndGlobalSection
	GlobalSection(ExtensibilityGlobals) = postSolution
		SolutionGuid = {A900189B-DC67-4A53-BE61-4E658C5302EF}
	EndGlobalSection
EndGlobal
