
Microsoft Visual Studio Solution File, Format Version 12.00
# Visual Studio 15
VisualStudioVersion = 15.0.28010.2041
MinimumVisualStudioVersion = 10.0.40219.1
Project("{FAE04EC0-301F-11D3-BF4B-00C04F79EFBC}") = "U3ClasesyObjetos", "U3ClasesyObjetos\U3ClasesyObjetos.csproj", "{EEA617B3-1811-49B6-B102-A8D5F840CF38}"
EndProject
Global
	GlobalSection(SolutionConfigurationPlatforms) = preSolution
		Debug|Any CPU = Debug|Any CPU
		Release|Any CPU = Release|Any CPU
	EndGlobalSection
	GlobalSection(ProjectConfigurationPlatforms) = postSolution
		{EEA617B3-1811-49B6-B102-A8D5F840CF38}.Debug|Any CPU.ActiveCfg = Debug|Any CPU
		{EEA617B3-1811-49B6-B102-A8D5F840CF38}.Debug|Any CPU.Build.0 = Debug|Any CPU
		{EEA617B3-1811-49B6-B102-A8D5F840CF38}.Release|Any CPU.ActiveCfg = Release|Any CPU
		{EEA617B3-1811-49B6-B102-A8D5F840CF38}.Release|Any CPU.Build.0 = Release|Any CPU
	EndGlobalSection
	GlobalSection(SolutionProperties) = preSolution
		HideSolutionNode = FALSE
	EndGlobalSection
	GlobalSection(ExtensibilityGlobals) = postSolution
		SolutionGuid = {0AB2E3BD-B516-4972-AF46-868918DEC627}
	EndGlobalSection
EndGlobal
