
Microsoft Visual Studio Solution File, Format Version 12.00
# Visual Studio Version 16
VisualStudioVersion = 16.0.33529.622
MinimumVisualStudioVersion = 10.0.40219.1
Project("{FAE04EC0-301F-11D3-BF4B-00C04F79EFBC}") = "WPF-LoginForm", "WPF-LoginForm\WPF-LoginForm.csproj", "{C0C5C3C6-C0A2-444D-9961-1FE253AF8FFF}"
EndProject
Global
	GlobalSection(SolutionConfigurationPlatforms) = preSolution
		Debug|Any CPU = Debug|Any CPU
		Release|Any CPU = Release|Any CPU
	EndGlobalSection
	GlobalSection(ProjectConfigurationPlatforms) = postSolution
		{C0C5C3C6-C0A2-444D-9961-1FE253AF8FFF}.Debug|Any CPU.ActiveCfg = Debug|Any CPU
		{C0C5C3C6-C0A2-444D-9961-1FE253AF8FFF}.Debug|Any CPU.Build.0 = Debug|Any CPU
		{C0C5C3C6-C0A2-444D-9961-1FE253AF8FFF}.Release|Any CPU.ActiveCfg = Release|Any CPU
		{C0C5C3C6-C0A2-444D-9961-1FE253AF8FFF}.Release|Any CPU.Build.0 = Release|Any CPU
	EndGlobalSection
	GlobalSection(SolutionProperties) = preSolution
		HideSolutionNode = FALSE
	EndGlobalSection
	GlobalSection(ExtensibilityGlobals) = postSolution
		SolutionGuid = {60AE2A25-F165-4A4C-840E-66A2D5E25663}
	EndGlobalSection
EndGlobal
