
Microsoft Visual Studio Solution File, Format Version 12.00
# Visual Studio Version 17
VisualStudioVersion = 17.6.33815.320
MinimumVisualStudioVersion = 10.0.40219.1
Project("{FAE04EC0-301F-11D3-BF4B-00C04F79EFBC}") = "BlazorMasterApp.Server", "BlazorMasterApp\Server\BlazorMasterApp.Server.csproj", "{C9F0FE61-6C68-4AAA-AF40-A93E67C6C2AE}"
EndProject
Project("{FAE04EC0-301F-11D3-BF4B-00C04F79EFBC}") = "BlazorMasterApp.Client", "BlazorMasterApp\Client\BlazorMasterApp.Client.csproj", "{0338977D-B449-4036-BF3E-03DDB9FA7F19}"
EndProject
Project("{FAE04EC0-301F-11D3-BF4B-00C04F79EFBC}") = "BlazorMasterApp.Shared", "BlazorMasterApp\Shared\BlazorMasterApp.Shared.csproj", "{EB217DF6-76C6-406C-AC0A-BF9500A79C86}"
EndProject
Global
	GlobalSection(SolutionConfigurationPlatforms) = preSolution
		Debug|Any CPU = Debug|Any CPU
		Release|Any CPU = Release|Any CPU
	EndGlobalSection
	GlobalSection(ProjectConfigurationPlatforms) = postSolution
		{C9F0FE61-6C68-4AAA-AF40-A93E67C6C2AE}.Debug|Any CPU.ActiveCfg = Debug|Any CPU
		{C9F0FE61-6C68-4AAA-AF40-A93E67C6C2AE}.Debug|Any CPU.Build.0 = Debug|Any CPU
		{C9F0FE61-6C68-4AAA-AF40-A93E67C6C2AE}.Release|Any CPU.ActiveCfg = Release|Any CPU
		{C9F0FE61-6C68-4AAA-AF40-A93E67C6C2AE}.Release|Any CPU.Build.0 = Release|Any CPU
		{0338977D-B449-4036-BF3E-03DDB9FA7F19}.Debug|Any CPU.ActiveCfg = Debug|Any CPU
		{0338977D-B449-4036-BF3E-03DDB9FA7F19}.Debug|Any CPU.Build.0 = Debug|Any CPU
		{0338977D-B449-4036-BF3E-03DDB9FA7F19}.Release|Any CPU.ActiveCfg = Release|Any CPU
		{0338977D-B449-4036-BF3E-03DDB9FA7F19}.Release|Any CPU.Build.0 = Release|Any CPU
		{EB217DF6-76C6-406C-AC0A-BF9500A79C86}.Debug|Any CPU.ActiveCfg = Debug|Any CPU
		{EB217DF6-76C6-406C-AC0A-BF9500A79C86}.Debug|Any CPU.Build.0 = Debug|Any CPU
		{EB217DF6-76C6-406C-AC0A-BF9500A79C86}.Release|Any CPU.ActiveCfg = Release|Any CPU
		{EB217DF6-76C6-406C-AC0A-BF9500A79C86}.Release|Any CPU.Build.0 = Release|Any CPU
	EndGlobalSection
	GlobalSection(SolutionProperties) = preSolution
		HideSolutionNode = FALSE
	EndGlobalSection
	GlobalSection(ExtensibilityGlobals) = postSolution
		SolutionGuid = {9846CD44-3C11-4365-8DFA-76F63DD9D528}
	EndGlobalSection
EndGlobal
