
Microsoft Visual Studio Solution File, Format Version 12.00
# Visual Studio Version 16
VisualStudioVersion = 16.0.32802.440
MinimumVisualStudioVersion = 10.0.40219.1
Project("{FAE04EC0-301F-11D3-BF4B-00C04F79EFBC}") = "Array", "Array\Array.csproj", "{98F23253-7BF3-40E9-BDF8-DBF9C2D8BD2F}"
EndProject
Global
	GlobalSection(SolutionConfigurationPlatforms) = preSolution
		Debug|Any CPU = Debug|Any CPU
		Release|Any CPU = Release|Any CPU
	EndGlobalSection
	GlobalSection(ProjectConfigurationPlatforms) = postSolution
		{98F23253-7BF3-40E9-BDF8-DBF9C2D8BD2F}.Debug|Any CPU.ActiveCfg = Debug|Any CPU
		{98F23253-7BF3-40E9-BDF8-DBF9C2D8BD2F}.Debug|Any CPU.Build.0 = Debug|Any CPU
		{98F23253-7BF3-40E9-BDF8-DBF9C2D8BD2F}.Release|Any CPU.ActiveCfg = Release|Any CPU
		{98F23253-7BF3-40E9-BDF8-DBF9C2D8BD2F}.Release|Any CPU.Build.0 = Release|Any CPU
	EndGlobalSection
	GlobalSection(SolutionProperties) = preSolution
		HideSolutionNode = FALSE
	EndGlobalSection
	GlobalSection(ExtensibilityGlobals) = postSolution
		SolutionGuid = {103ADFCF-FDDE-4E98-9319-BBA2EFD68F4D}
	EndGlobalSection
EndGlobal
