
Microsoft Visual Studio Solution File, Format Version 12.00
# Visual Studio Version 16
VisualStudioVersion = 16.0.32802.440
MinimumVisualStudioVersion = 10.0.40219.1
Project("{FAE04EC0-301F-11D3-BF4B-00C04F79EFBC}") = "Colecciones-listas", "Colecciones-listas.csproj", "{EB286190-CBA0-450F-AD64-558343A5F563}"
EndProject
Global
	GlobalSection(SolutionConfigurationPlatforms) = preSolution
		Debug|Any CPU = Debug|Any CPU
		Release|Any CPU = Release|Any CPU
	EndGlobalSection
	GlobalSection(ProjectConfigurationPlatforms) = postSolution
		{EB286190-CBA0-450F-AD64-558343A5F563}.Debug|Any CPU.ActiveCfg = Debug|Any CPU
		{EB286190-CBA0-450F-AD64-558343A5F563}.Debug|Any CPU.Build.0 = Debug|Any CPU
		{EB286190-CBA0-450F-AD64-558343A5F563}.Release|Any CPU.ActiveCfg = Release|Any CPU
		{EB286190-CBA0-450F-AD64-558343A5F563}.Release|Any CPU.Build.0 = Release|Any CPU
	EndGlobalSection
	GlobalSection(SolutionProperties) = preSolution
		HideSolutionNode = FALSE
	EndGlobalSection
	GlobalSection(ExtensibilityGlobals) = postSolution
		SolutionGuid = {A37116B7-DCDB-4011-8504-6F62B5B4CB40}
	EndGlobalSection
EndGlobal
