
Microsoft Visual Studio Solution File, Format Version 12.00
# Visual Studio Version 16
VisualStudioVersion = 16.0.32802.440
MinimumVisualStudioVersion = 10.0.40219.1
Project("{FAE04EC0-301F-11D3-BF4B-00C04F79EFBC}") = "EjerciciosTema8", "EjerciciosTema8.csproj", "{908D2975-53A9-4D35-B3A7-C96AC414FFDC}"
EndProject
Global
	GlobalSection(SolutionConfigurationPlatforms) = preSolution
		Debug|Any CPU = Debug|Any CPU
		Release|Any CPU = Release|Any CPU
	EndGlobalSection
	GlobalSection(ProjectConfigurationPlatforms) = postSolution
		{908D2975-53A9-4D35-B3A7-C96AC414FFDC}.Debug|Any CPU.ActiveCfg = Debug|Any CPU
		{908D2975-53A9-4D35-B3A7-C96AC414FFDC}.Debug|Any CPU.Build.0 = Debug|Any CPU
		{908D2975-53A9-4D35-B3A7-C96AC414FFDC}.Release|Any CPU.ActiveCfg = Release|Any CPU
		{908D2975-53A9-4D35-B3A7-C96AC414FFDC}.Release|Any CPU.Build.0 = Release|Any CPU
	EndGlobalSection
	GlobalSection(SolutionProperties) = preSolution
		HideSolutionNode = FALSE
	EndGlobalSection
	GlobalSection(ExtensibilityGlobals) = postSolution
		SolutionGuid = {D85B1DC6-6099-4C5E-966B-D12B0E1B21F0}
	EndGlobalSection
EndGlobal
