
Microsoft Visual Studio Solution File, Format Version 12.00
# Visual Studio Version 17
VisualStudioVersion = 17.6.33815.320
MinimumVisualStudioVersion = 10.0.40219.1
Project("{FAE04EC0-301F-11D3-BF4B-00C04F79EFBC}") = "APIVersionado", "APIVersionado\APIVersionado.csproj", "{0E3C7DEA-FD22-4A21-97A9-D05181B92249}"
EndProject
Global
	GlobalSection(SolutionConfigurationPlatforms) = preSolution
		Debug|Any CPU = Debug|Any CPU
		Release|Any CPU = Release|Any CPU
	EndGlobalSection
	GlobalSection(ProjectConfigurationPlatforms) = postSolution
		{0E3C7DEA-FD22-4A21-97A9-D05181B92249}.Debug|Any CPU.ActiveCfg = Debug|Any CPU
		{0E3C7DEA-FD22-4A21-97A9-D05181B92249}.Debug|Any CPU.Build.0 = Debug|Any CPU
		{0E3C7DEA-FD22-4A21-97A9-D05181B92249}.Release|Any CPU.ActiveCfg = Release|Any CPU
		{0E3C7DEA-FD22-4A21-97A9-D05181B92249}.Release|Any CPU.Build.0 = Release|Any CPU
	EndGlobalSection
	GlobalSection(SolutionProperties) = preSolution
		HideSolutionNode = FALSE
	EndGlobalSection
	GlobalSection(ExtensibilityGlobals) = postSolution
		SolutionGuid = {983113EA-654A-4523-BB15-91DD8E409628}
	EndGlobalSection
EndGlobal
