
Microsoft Visual Studio Solution File, Format Version 12.00
# Visual Studio Version 16
VisualStudioVersion = 16.0.32802.440
MinimumVisualStudioVersion = 10.0.40219.1
Project("{FAE04EC0-301F-11D3-BF4B-00C04F79EFBC}") = "INotifyPropertyChanged", "INotifyPropertyChanged.csproj", "{42B92CA2-8DDA-456B-BBEA-F616E60063C2}"
EndProject
Global
	GlobalSection(SolutionConfigurationPlatforms) = preSolution
		Debug|Any CPU = Debug|Any CPU
		Release|Any CPU = Release|Any CPU
	EndGlobalSection
	GlobalSection(ProjectConfigurationPlatforms) = postSolution
		{42B92CA2-8DDA-456B-BBEA-F616E60063C2}.Debug|Any CPU.ActiveCfg = Debug|Any CPU
		{42B92CA2-8DDA-456B-BBEA-F616E60063C2}.Debug|Any CPU.Build.0 = Debug|Any CPU
		{42B92CA2-8DDA-456B-BBEA-F616E60063C2}.Release|Any CPU.ActiveCfg = Release|Any CPU
		{42B92CA2-8DDA-456B-BBEA-F616E60063C2}.Release|Any CPU.Build.0 = Release|Any CPU
	EndGlobalSection
	GlobalSection(SolutionProperties) = preSolution
		HideSolutionNode = FALSE
	EndGlobalSection
	GlobalSection(ExtensibilityGlobals) = postSolution
		SolutionGuid = {711B995D-C338-4A12-AD8F-2BAD2C24E2FF}
	EndGlobalSection
EndGlobal
