
Microsoft Visual Studio Solution File, Format Version 12.00
# Visual Studio Version 16
VisualStudioVersion = 16.0.32802.440
MinimumVisualStudioVersion = 10.0.40219.1
Project("{FAE04EC0-301F-11D3-BF4B-00C04F79EFBC}") = "While", "While\While.csproj", "{E7521D43-7C21-4D67-ACFA-3CE420CE397D}"
EndProject
Global
	GlobalSection(SolutionConfigurationPlatforms) = preSolution
		Debug|Any CPU = Debug|Any CPU
		Release|Any CPU = Release|Any CPU
	EndGlobalSection
	GlobalSection(ProjectConfigurationPlatforms) = postSolution
		{E7521D43-7C21-4D67-ACFA-3CE420CE397D}.Debug|Any CPU.ActiveCfg = Debug|Any CPU
		{E7521D43-7C21-4D67-ACFA-3CE420CE397D}.Debug|Any CPU.Build.0 = Debug|Any CPU
		{E7521D43-7C21-4D67-ACFA-3CE420CE397D}.Release|Any CPU.ActiveCfg = Release|Any CPU
		{E7521D43-7C21-4D67-ACFA-3CE420CE397D}.Release|Any CPU.Build.0 = Release|Any CPU
	EndGlobalSection
	GlobalSection(SolutionProperties) = preSolution
		HideSolutionNode = FALSE
	EndGlobalSection
	GlobalSection(ExtensibilityGlobals) = postSolution
		SolutionGuid = {E97B2099-0452-4F10-BB61-76FB2B2A68AD}
	EndGlobalSection
EndGlobal
