
Microsoft Visual Studio Solution File, Format Version 12.00
# Visual Studio Version 16
VisualStudioVersion = 16.0.32802.440
MinimumVisualStudioVersion = 10.0.40219.1
Project("{FAE04EC0-301F-11D3-BF4B-00C04F79EFBC}") = "EjerciciosTema4", "EjerciciosTema4.csproj", "{1E446CE1-CA96-46E0-95C7-FD3D574675CB}"
EndProject
Global
	GlobalSection(SolutionConfigurationPlatforms) = preSolution
		Debug|Any CPU = Debug|Any CPU
		Release|Any CPU = Release|Any CPU
	EndGlobalSection
	GlobalSection(ProjectConfigurationPlatforms) = postSolution
		{1E446CE1-CA96-46E0-95C7-FD3D574675CB}.Debug|Any CPU.ActiveCfg = Debug|Any CPU
		{1E446CE1-CA96-46E0-95C7-FD3D574675CB}.Debug|Any CPU.Build.0 = Debug|Any CPU
		{1E446CE1-CA96-46E0-95C7-FD3D574675CB}.Release|Any CPU.ActiveCfg = Release|Any CPU
		{1E446CE1-CA96-46E0-95C7-FD3D574675CB}.Release|Any CPU.Build.0 = Release|Any CPU
	EndGlobalSection
	GlobalSection(SolutionProperties) = preSolution
		HideSolutionNode = FALSE
	EndGlobalSection
	GlobalSection(ExtensibilityGlobals) = postSolution
		SolutionGuid = {66109144-52E4-4FB0-8F7F-A2504EDB9B28}
	EndGlobalSection
EndGlobal
