
Microsoft Visual Studio Solution File, Format Version 12.00
# Visual Studio Version 16
VisualStudioVersion = 16.0.32802.440
MinimumVisualStudioVersion = 10.0.40219.1
Project("{FAE04EC0-301F-11D3-BF4B-00C04F79EFBC}") = "ConectarconSQL", "ConectarconSQL.csproj", "{8D60F5BB-4352-4317-90EC-F48FD977E481}"
EndProject
Global
	GlobalSection(SolutionConfigurationPlatforms) = preSolution
		Debug|Any CPU = Debug|Any CPU
		Release|Any CPU = Release|Any CPU
	EndGlobalSection
	GlobalSection(ProjectConfigurationPlatforms) = postSolution
		{8D60F5BB-4352-4317-90EC-F48FD977E481}.Debug|Any CPU.ActiveCfg = Debug|Any CPU
		{8D60F5BB-4352-4317-90EC-F48FD977E481}.Debug|Any CPU.Build.0 = Debug|Any CPU
		{8D60F5BB-4352-4317-90EC-F48FD977E481}.Release|Any CPU.ActiveCfg = Release|Any CPU
		{8D60F5BB-4352-4317-90EC-F48FD977E481}.Release|Any CPU.Build.0 = Release|Any CPU
	EndGlobalSection
	GlobalSection(SolutionProperties) = preSolution
		HideSolutionNode = FALSE
	EndGlobalSection
	GlobalSection(ExtensibilityGlobals) = postSolution
		SolutionGuid = {50531F30-3BF0-4A26-8EF7-28783A49B7A7}
	EndGlobalSection
EndGlobal
