
Microsoft Visual Studio Solution File, Format Version 12.00
# Visual Studio Version 16
VisualStudioVersion = 16.0.32802.440
MinimumVisualStudioVersion = 10.0.40219.1
Project("{FAE04EC0-301F-11D3-BF4B-00C04F79EFBC}") = "Pildoras_Linq_SQL_CRUD", "Pildoras_Linq_SQL_CRUD.csproj", "{5F176518-F608-4BC8-9F21-5C21A6F6227A}"
EndProject
Global
	GlobalSection(SolutionConfigurationPlatforms) = preSolution
		Debug|Any CPU = Debug|Any CPU
		Release|Any CPU = Release|Any CPU
	EndGlobalSection
	GlobalSection(ProjectConfigurationPlatforms) = postSolution
		{5F176518-F608-4BC8-9F21-5C21A6F6227A}.Debug|Any CPU.ActiveCfg = Debug|Any CPU
		{5F176518-F608-4BC8-9F21-5C21A6F6227A}.Debug|Any CPU.Build.0 = Debug|Any CPU
		{5F176518-F608-4BC8-9F21-5C21A6F6227A}.Release|Any CPU.ActiveCfg = Release|Any CPU
		{5F176518-F608-4BC8-9F21-5C21A6F6227A}.Release|Any CPU.Build.0 = Release|Any CPU
	EndGlobalSection
	GlobalSection(SolutionProperties) = preSolution
		HideSolutionNode = FALSE
	EndGlobalSection
	GlobalSection(ExtensibilityGlobals) = postSolution
		SolutionGuid = {110D5A17-BF1D-484C-8AD7-56E513F67320}
	EndGlobalSection
EndGlobal
