
Microsoft Visual Studio Solution File, Format Version 12.00
# Visual Studio Version 16
VisualStudioVersion = 16.0.32802.440
MinimumVisualStudioVersion = 10.0.40219.1
Project("{FAE04EC0-301F-11D3-BF4B-00C04F79EFBC}") = "SQL-CodeTrainers", "SQL-CodeTrainers.csproj", "{08DC968D-1678-446E-822A-C96459401999}"
EndProject
Global
	GlobalSection(SolutionConfigurationPlatforms) = preSolution
		Debug|Any CPU = Debug|Any CPU
		Release|Any CPU = Release|Any CPU
	EndGlobalSection
	GlobalSection(ProjectConfigurationPlatforms) = postSolution
		{08DC968D-1678-446E-822A-C96459401999}.Debug|Any CPU.ActiveCfg = Debug|Any CPU
		{08DC968D-1678-446E-822A-C96459401999}.Debug|Any CPU.Build.0 = Debug|Any CPU
		{08DC968D-1678-446E-822A-C96459401999}.Release|Any CPU.ActiveCfg = Release|Any CPU
		{08DC968D-1678-446E-822A-C96459401999}.Release|Any CPU.Build.0 = Release|Any CPU
	EndGlobalSection
	GlobalSection(SolutionProperties) = preSolution
		HideSolutionNode = FALSE
	EndGlobalSection
	GlobalSection(ExtensibilityGlobals) = postSolution
		SolutionGuid = {4C75C033-4F0B-4C19-AB06-979B4635A098}
	EndGlobalSection
EndGlobal
