
Microsoft Visual Studio Solution File, Format Version 12.00
# Visual Studio Version 16
VisualStudioVersion = 16.0.32802.440
MinimumVisualStudioVersion = 10.0.40219.1
Project("{FAE04EC0-301F-11D3-BF4B-00C04F79EFBC}") = "Expresiones-Regulares", "Expresiones-Regulares.csproj", "{E4CB4372-B560-42C5-8F69-8C26957E06D4}"
EndProject
Global
	GlobalSection(SolutionConfigurationPlatforms) = preSolution
		Debug|Any CPU = Debug|Any CPU
		Release|Any CPU = Release|Any CPU
	EndGlobalSection
	GlobalSection(ProjectConfigurationPlatforms) = postSolution
		{E4CB4372-B560-42C5-8F69-8C26957E06D4}.Debug|Any CPU.ActiveCfg = Debug|Any CPU
		{E4CB4372-B560-42C5-8F69-8C26957E06D4}.Debug|Any CPU.Build.0 = Debug|Any CPU
		{E4CB4372-B560-42C5-8F69-8C26957E06D4}.Release|Any CPU.ActiveCfg = Release|Any CPU
		{E4CB4372-B560-42C5-8F69-8C26957E06D4}.Release|Any CPU.Build.0 = Release|Any CPU
	EndGlobalSection
	GlobalSection(SolutionProperties) = preSolution
		HideSolutionNode = FALSE
	EndGlobalSection
	GlobalSection(ExtensibilityGlobals) = postSolution
		SolutionGuid = {3295689B-2A9E-4530-9F6B-79770FF01F0C}
	EndGlobalSection
EndGlobal
