
Microsoft Visual Studio Solution File, Format Version 12.00
# Visual Studio Version 16
VisualStudioVersion = 16.0.32802.440
MinimumVisualStudioVersion = 10.0.40219.1
Project("{FAE04EC0-301F-11D3-BF4B-00C04F79EFBC}") = "Recursividad", "Recursividad.csproj", "{F907C520-50ED-4E27-8300-6CF6BBD21C1A}"
EndProject
Global
	GlobalSection(SolutionConfigurationPlatforms) = preSolution
		Debug|Any CPU = Debug|Any CPU
		Release|Any CPU = Release|Any CPU
	EndGlobalSection
	GlobalSection(ProjectConfigurationPlatforms) = postSolution
		{F907C520-50ED-4E27-8300-6CF6BBD21C1A}.Debug|Any CPU.ActiveCfg = Debug|Any CPU
		{F907C520-50ED-4E27-8300-6CF6BBD21C1A}.Debug|Any CPU.Build.0 = Debug|Any CPU
		{F907C520-50ED-4E27-8300-6CF6BBD21C1A}.Release|Any CPU.ActiveCfg = Release|Any CPU
		{F907C520-50ED-4E27-8300-6CF6BBD21C1A}.Release|Any CPU.Build.0 = Release|Any CPU
	EndGlobalSection
	GlobalSection(SolutionProperties) = preSolution
		HideSolutionNode = FALSE
	EndGlobalSection
	GlobalSection(ExtensibilityGlobals) = postSolution
		SolutionGuid = {EF019885-3E57-4EEC-B4DC-C39A4C393E7D}
	EndGlobalSection
EndGlobal
