
Microsoft Visual Studio Solution File, Format Version 12.00
# Visual Studio Version 17
VisualStudioVersion = 17.6.33815.320
MinimumVisualStudioVersion = 10.0.40219.1
Project("{9A19103F-16F7-4668-BE54-9A1E7A4F7556}") = "Blazor-ECommerce-God.Server", "Blazor-ECommerce-God\Server\Blazor-ECommerce-God.Server.csproj", "{237CC37B-0CF1-43BC-8C2C-21F62084529D}"
EndProject
Project("{9A19103F-16F7-4668-BE54-9A1E7A4F7556}") = "Blazor-ECommerce-God.Client", "Blazor-ECommerce-God\Client\Blazor-ECommerce-God.Client.csproj", "{002046BC-659A-4840-9085-C052AFF82D9C}"
EndProject
Project("{9A19103F-16F7-4668-BE54-9A1E7A4F7556}") = "Blazor-ECommerce-God.Shared", "Blazor-ECommerce-God\Shared\Blazor-ECommerce-God.Shared.csproj", "{34D52419-FF61-4478-95EE-26AA7AB7073D}"
EndProject
Global
	GlobalSection(SolutionConfigurationPlatforms) = preSolution
		Debug|Any CPU = Debug|Any CPU
		Release|Any CPU = Release|Any CPU
	EndGlobalSection
	GlobalSection(ProjectConfigurationPlatforms) = postSolution
		{237CC37B-0CF1-43BC-8C2C-21F62084529D}.Debug|Any CPU.ActiveCfg = Debug|Any CPU
		{237CC37B-0CF1-43BC-8C2C-21F62084529D}.Debug|Any CPU.Build.0 = Debug|Any CPU
		{237CC37B-0CF1-43BC-8C2C-21F62084529D}.Release|Any CPU.ActiveCfg = Release|Any CPU
		{237CC37B-0CF1-43BC-8C2C-21F62084529D}.Release|Any CPU.Build.0 = Release|Any CPU
		{002046BC-659A-4840-9085-C052AFF82D9C}.Debug|Any CPU.ActiveCfg = Debug|Any CPU
		{002046BC-659A-4840-9085-C052AFF82D9C}.Debug|Any CPU.Build.0 = Debug|Any CPU
		{002046BC-659A-4840-9085-C052AFF82D9C}.Release|Any CPU.ActiveCfg = Release|Any CPU
		{002046BC-659A-4840-9085-C052AFF82D9C}.Release|Any CPU.Build.0 = Release|Any CPU
		{34D52419-FF61-4478-95EE-26AA7AB7073D}.Debug|Any CPU.ActiveCfg = Debug|Any CPU
		{34D52419-FF61-4478-95EE-26AA7AB7073D}.Debug|Any CPU.Build.0 = Debug|Any CPU
		{34D52419-FF61-4478-95EE-26AA7AB7073D}.Release|Any CPU.ActiveCfg = Release|Any CPU
		{34D52419-FF61-4478-95EE-26AA7AB7073D}.Release|Any CPU.Build.0 = Release|Any CPU
	EndGlobalSection
	GlobalSection(SolutionProperties) = preSolution
		HideSolutionNode = FALSE
	EndGlobalSection
	GlobalSection(ExtensibilityGlobals) = postSolution
		SolutionGuid = {14CC655F-931A-4C0B-9117-3EEA97E08416}
	EndGlobalSection
EndGlobal
