
Microsoft Visual Studio Solution File, Format Version 12.00
# Visual Studio Version 16
VisualStudioVersion = 16.0.32802.440
MinimumVisualStudioVersion = 10.0.40219.1
Project("{FAE04EC0-301F-11D3-BF4B-00C04F79EFBC}") = "WF-HC1", "WF-HC1.csproj", "{187ACB4A-845C-42AA-A757-4FC1BD837C5B}"
EndProject
Global
	GlobalSection(SolutionConfigurationPlatforms) = preSolution
		Debug|Any CPU = Debug|Any CPU
		Release|Any CPU = Release|Any CPU
	EndGlobalSection
	GlobalSection(ProjectConfigurationPlatforms) = postSolution
		{187ACB4A-845C-42AA-A757-4FC1BD837C5B}.Debug|Any CPU.ActiveCfg = Debug|Any CPU
		{187ACB4A-845C-42AA-A757-4FC1BD837C5B}.Debug|Any CPU.Build.0 = Debug|Any CPU
		{187ACB4A-845C-42AA-A757-4FC1BD837C5B}.Release|Any CPU.ActiveCfg = Release|Any CPU
		{187ACB4A-845C-42AA-A757-4FC1BD837C5B}.Release|Any CPU.Build.0 = Release|Any CPU
	EndGlobalSection
	GlobalSection(SolutionProperties) = preSolution
		HideSolutionNode = FALSE
	EndGlobalSection
	GlobalSection(ExtensibilityGlobals) = postSolution
		SolutionGuid = {E015E4F0-1A6D-4A4A-B688-D3352757AC8D}
	EndGlobalSection
EndGlobal
