
Microsoft Visual Studio Solution File, Format Version 12.00
# Visual Studio Version 17
VisualStudioVersion = 17.6.33815.320
MinimumVisualStudioVersion = 10.0.40219.1
Project("{9A19103F-16F7-4668-BE54-9A1E7A4F7556}") = "ASPNETMVCHDELEON", "ASPNETMVCHDELEON\ASPNETMVCHDELEON.csproj", "{56A7EED3-929D-4F3D-AD67-C06182736315}"
EndProject
Project("{FAE04EC0-301F-11D3-BF4B-00C04F79EFBC}") = "MVC.Services", "MVC.Services\MVC.Services.csproj", "{D8EB55BC-1D60-4114-A61C-02C0089CF04F}"
EndProject
Project("{FAE04EC0-301F-11D3-BF4B-00C04F79EFBC}") = "MVC.Models", "MVC.Models\MVC.Models.csproj", "{55564377-E0EF-4E0F-BA20-B9DF6B528D9C}"
EndProject
Global
	GlobalSection(SolutionConfigurationPlatforms) = preSolution
		Debug|Any CPU = Debug|Any CPU
		Release|Any CPU = Release|Any CPU
	EndGlobalSection
	GlobalSection(ProjectConfigurationPlatforms) = postSolution
		{56A7EED3-929D-4F3D-AD67-C06182736315}.Debug|Any CPU.ActiveCfg = Debug|Any CPU
		{56A7EED3-929D-4F3D-AD67-C06182736315}.Debug|Any CPU.Build.0 = Debug|Any CPU
		{56A7EED3-929D-4F3D-AD67-C06182736315}.Release|Any CPU.ActiveCfg = Release|Any CPU
		{56A7EED3-929D-4F3D-AD67-C06182736315}.Release|Any CPU.Build.0 = Release|Any CPU
		{D8EB55BC-1D60-4114-A61C-02C0089CF04F}.Debug|Any CPU.ActiveCfg = Debug|Any CPU
		{D8EB55BC-1D60-4114-A61C-02C0089CF04F}.Debug|Any CPU.Build.0 = Debug|Any CPU
		{D8EB55BC-1D60-4114-A61C-02C0089CF04F}.Release|Any CPU.ActiveCfg = Release|Any CPU
		{D8EB55BC-1D60-4114-A61C-02C0089CF04F}.Release|Any CPU.Build.0 = Release|Any CPU
		{55564377-E0EF-4E0F-BA20-B9DF6B528D9C}.Debug|Any CPU.ActiveCfg = Debug|Any CPU
		{55564377-E0EF-4E0F-BA20-B9DF6B528D9C}.Debug|Any CPU.Build.0 = Debug|Any CPU
		{55564377-E0EF-4E0F-BA20-B9DF6B528D9C}.Release|Any CPU.ActiveCfg = Release|Any CPU
		{55564377-E0EF-4E0F-BA20-B9DF6B528D9C}.Release|Any CPU.Build.0 = Release|Any CPU
	EndGlobalSection
	GlobalSection(SolutionProperties) = preSolution
		HideSolutionNode = FALSE
	EndGlobalSection
	GlobalSection(ExtensibilityGlobals) = postSolution
		SolutionGuid = {0CA0F407-A2B4-4FA9-8350-0BB681374603}
	EndGlobalSection
EndGlobal
