
Microsoft Visual Studio Solution File, Format Version 12.00
# Visual Studio Version 16
VisualStudioVersion = 16.0.32802.440
MinimumVisualStudioVersion = 10.0.40219.1
Project("{FAE04EC0-301F-11D3-BF4B-00C04F79EFBC}") = "EjerciciosTema3", "EjerciciosTema3.csproj", "{7B0CBC3C-1296-49DE-B75A-5E86482905FC}"
EndProject
Project("{FAE04EC0-301F-11D3-BF4B-00C04F79EFBC}") = "EjerciciosTema3b", "..\Ejerciciostema3b\EjerciciosTema3b.csproj", "{AA286596-C425-4C86-A895-9D62F0CFBAA4}"
EndProject
Global
	GlobalSection(SolutionConfigurationPlatforms) = preSolution
		Debug|Any CPU = Debug|Any CPU
		Release|Any CPU = Release|Any CPU
	EndGlobalSection
	GlobalSection(ProjectConfigurationPlatforms) = postSolution
		{7B0CBC3C-1296-49DE-B75A-5E86482905FC}.Debug|Any CPU.ActiveCfg = Debug|Any CPU
		{7B0CBC3C-1296-49DE-B75A-5E86482905FC}.Debug|Any CPU.Build.0 = Debug|Any CPU
		{7B0CBC3C-1296-49DE-B75A-5E86482905FC}.Release|Any CPU.ActiveCfg = Release|Any CPU
		{7B0CBC3C-1296-49DE-B75A-5E86482905FC}.Release|Any CPU.Build.0 = Release|Any CPU
		{AA286596-C425-4C86-A895-9D62F0CFBAA4}.Debug|Any CPU.ActiveCfg = Debug|Any CPU
		{AA286596-C425-4C86-A895-9D62F0CFBAA4}.Debug|Any CPU.Build.0 = Debug|Any CPU
		{AA286596-C425-4C86-A895-9D62F0CFBAA4}.Release|Any CPU.ActiveCfg = Release|Any CPU
		{AA286596-C425-4C86-A895-9D62F0CFBAA4}.Release|Any CPU.Build.0 = Release|Any CPU
	EndGlobalSection
	GlobalSection(SolutionProperties) = preSolution
		HideSolutionNode = FALSE
	EndGlobalSection
	GlobalSection(ExtensibilityGlobals) = postSolution
		SolutionGuid = {8C926BD7-AB28-486B-8E23-CD78578E11F8}
	EndGlobalSection
EndGlobal
