
Microsoft Visual Studio Solution File, Format Version 12.00
# Visual Studio Version 16
VisualStudioVersion = 16.0.32802.440
MinimumVisualStudioVersion = 10.0.40219.1
Project("{FAE04EC0-301F-11D3-BF4B-00C04F79EFBC}") = "Ciclo(examen2)", "Ciclo(examen2)\Ciclo(examen2).csproj", "{C9635DE5-E4B4-4437-B932-6682108EEF9F}"
EndProject
Global
	GlobalSection(SolutionConfigurationPlatforms) = preSolution
		Debug|Any CPU = Debug|Any CPU
		Release|Any CPU = Release|Any CPU
	EndGlobalSection
	GlobalSection(ProjectConfigurationPlatforms) = postSolution
		{C9635DE5-E4B4-4437-B932-6682108EEF9F}.Debug|Any CPU.ActiveCfg = Debug|Any CPU
		{C9635DE5-E4B4-4437-B932-6682108EEF9F}.Debug|Any CPU.Build.0 = Debug|Any CPU
		{C9635DE5-E4B4-4437-B932-6682108EEF9F}.Release|Any CPU.ActiveCfg = Release|Any CPU
		{C9635DE5-E4B4-4437-B932-6682108EEF9F}.Release|Any CPU.Build.0 = Release|Any CPU
	EndGlobalSection
	GlobalSection(SolutionProperties) = preSolution
		HideSolutionNode = FALSE
	EndGlobalSection
	GlobalSection(ExtensibilityGlobals) = postSolution
		SolutionGuid = {085A11F9-BC68-458E-BC70-91A4AF4749C6}
	EndGlobalSection
EndGlobal
