
Microsoft Visual Studio Solution File, Format Version 12.00
# Visual Studio Version 17
VisualStudioVersion = 17.6.33815.320
MinimumVisualStudioVersion = 10.0.40219.1
Project("{9A19103F-16F7-4668-BE54-9A1E7A4F7556}") = "Web-DesesperanzaAPI", "Web-DesesperanzaAPI\Web-DesesperanzaAPI.csproj", "{F8299271-DBDE-4D5E-B406-072C60BDB3E9}"
EndProject
Project("{9A19103F-16F7-4668-BE54-9A1E7A4F7556}") = "LinqSnippets", "LinqSnippets\LinqSnippets.csproj", "{692E127D-3427-400F-B46E-22E379843E39}"
EndProject
Project("{FAE04EC0-301F-11D3-BF4B-00C04F79EFBC}") = "ConsultasLinq", "ConsultasLinq\ConsultasLinq.csproj", "{B1A754B9-C96A-4EE6-9DDB-48FAED49E34B}"
EndProject
Global
	GlobalSection(SolutionConfigurationPlatforms) = preSolution
		Debug|Any CPU = Debug|Any CPU
		Release|Any CPU = Release|Any CPU
	EndGlobalSection
	GlobalSection(ProjectConfigurationPlatforms) = postSolution
		{F8299271-DBDE-4D5E-B406-072C60BDB3E9}.Debug|Any CPU.ActiveCfg = Debug|Any CPU
		{F8299271-DBDE-4D5E-B406-072C60BDB3E9}.Debug|Any CPU.Build.0 = Debug|Any CPU
		{F8299271-DBDE-4D5E-B406-072C60BDB3E9}.Release|Any CPU.ActiveCfg = Release|Any CPU
		{F8299271-DBDE-4D5E-B406-072C60BDB3E9}.Release|Any CPU.Build.0 = Release|Any CPU
		{692E127D-3427-400F-B46E-22E379843E39}.Debug|Any CPU.ActiveCfg = Debug|Any CPU
		{692E127D-3427-400F-B46E-22E379843E39}.Debug|Any CPU.Build.0 = Debug|Any CPU
		{692E127D-3427-400F-B46E-22E379843E39}.Release|Any CPU.ActiveCfg = Release|Any CPU
		{692E127D-3427-400F-B46E-22E379843E39}.Release|Any CPU.Build.0 = Release|Any CPU
		{B1A754B9-C96A-4EE6-9DDB-48FAED49E34B}.Debug|Any CPU.ActiveCfg = Debug|Any CPU
		{B1A754B9-C96A-4EE6-9DDB-48FAED49E34B}.Debug|Any CPU.Build.0 = Debug|Any CPU
		{B1A754B9-C96A-4EE6-9DDB-48FAED49E34B}.Release|Any CPU.ActiveCfg = Release|Any CPU
		{B1A754B9-C96A-4EE6-9DDB-48FAED49E34B}.Release|Any CPU.Build.0 = Release|Any CPU
	EndGlobalSection
	GlobalSection(SolutionProperties) = preSolution
		HideSolutionNode = FALSE
	EndGlobalSection
	GlobalSection(ExtensibilityGlobals) = postSolution
		SolutionGuid = {6A624279-640F-4837-A750-801F482CED38}
	EndGlobalSection
EndGlobal
