
Microsoft Visual Studio Solution File, Format Version 12.00
# Visual Studio Version 16
VisualStudioVersion = 16.0.32802.440
MinimumVisualStudioVersion = 10.0.40219.1
Project("{FAE04EC0-301F-11D3-BF4B-00C04F79EFBC}") = "Insertararticulos", "Insertararticulos.csproj", "{5F708E0E-4A68-4B5A-9F7C-06B42E5160DC}"
EndProject
Global
	GlobalSection(SolutionConfigurationPlatforms) = preSolution
		Debug|Any CPU = Debug|Any CPU
		Release|Any CPU = Release|Any CPU
	EndGlobalSection
	GlobalSection(ProjectConfigurationPlatforms) = postSolution
		{5F708E0E-4A68-4B5A-9F7C-06B42E5160DC}.Debug|Any CPU.ActiveCfg = Debug|Any CPU
		{5F708E0E-4A68-4B5A-9F7C-06B42E5160DC}.Debug|Any CPU.Build.0 = Debug|Any CPU
		{5F708E0E-4A68-4B5A-9F7C-06B42E5160DC}.Release|Any CPU.ActiveCfg = Release|Any CPU
		{5F708E0E-4A68-4B5A-9F7C-06B42E5160DC}.Release|Any CPU.Build.0 = Release|Any CPU
	EndGlobalSection
	GlobalSection(SolutionProperties) = preSolution
		HideSolutionNode = FALSE
	EndGlobalSection
	GlobalSection(ExtensibilityGlobals) = postSolution
		SolutionGuid = {350FBE5F-F19B-4248-BC68-4456D55F5A67}
	EndGlobalSection
EndGlobal
