
Microsoft Visual Studio Solution File, Format Version 12.00
# Visual Studio Version 16
VisualStudioVersion = 16.0.32802.440
MinimumVisualStudioVersion = 10.0.40219.1
Project("{FAE04EC0-301F-11D3-BF4B-00C04F79EFBC}") = "Destructores", "Destructores.csproj", "{A087B2E9-6214-4C11-B7BA-813E99D80652}"
EndProject
Global
	GlobalSection(SolutionConfigurationPlatforms) = preSolution
		Debug|Any CPU = Debug|Any CPU
		Release|Any CPU = Release|Any CPU
	EndGlobalSection
	GlobalSection(ProjectConfigurationPlatforms) = postSolution
		{A087B2E9-6214-4C11-B7BA-813E99D80652}.Debug|Any CPU.ActiveCfg = Debug|Any CPU
		{A087B2E9-6214-4C11-B7BA-813E99D80652}.Debug|Any CPU.Build.0 = Debug|Any CPU
		{A087B2E9-6214-4C11-B7BA-813E99D80652}.Release|Any CPU.ActiveCfg = Release|Any CPU
		{A087B2E9-6214-4C11-B7BA-813E99D80652}.Release|Any CPU.Build.0 = Release|Any CPU
	EndGlobalSection
	GlobalSection(SolutionProperties) = preSolution
		HideSolutionNode = FALSE
	EndGlobalSection
	GlobalSection(ExtensibilityGlobals) = postSolution
		SolutionGuid = {E3A57281-B6FA-4F4C-B85A-F826275A51F0}
	EndGlobalSection
EndGlobal
