
Microsoft Visual Studio Solution File, Format Version 12.00
# Visual Studio Version 16
VisualStudioVersion = 16.0.32802.440
MinimumVisualStudioVersion = 10.0.40219.1
Project("{FAE04EC0-301F-11D3-BF4B-00C04F79EFBC}") = "Listas", "Listas\Listas.csproj", "{D2F3B58D-FF55-4937-B8D1-3C683094C7D7}"
EndProject
Global
	GlobalSection(SolutionConfigurationPlatforms) = preSolution
		Debug|Any CPU = Debug|Any CPU
		Release|Any CPU = Release|Any CPU
	EndGlobalSection
	GlobalSection(ProjectConfigurationPlatforms) = postSolution
		{D2F3B58D-FF55-4937-B8D1-3C683094C7D7}.Debug|Any CPU.ActiveCfg = Debug|Any CPU
		{D2F3B58D-FF55-4937-B8D1-3C683094C7D7}.Debug|Any CPU.Build.0 = Debug|Any CPU
		{D2F3B58D-FF55-4937-B8D1-3C683094C7D7}.Release|Any CPU.ActiveCfg = Release|Any CPU
		{D2F3B58D-FF55-4937-B8D1-3C683094C7D7}.Release|Any CPU.Build.0 = Release|Any CPU
	EndGlobalSection
	GlobalSection(SolutionProperties) = preSolution
		HideSolutionNode = FALSE
	EndGlobalSection
	GlobalSection(ExtensibilityGlobals) = postSolution
		SolutionGuid = {EF78FC18-2DA3-4607-9F1C-AB9A8D8B473B}
	EndGlobalSection
EndGlobal
