
Microsoft Visual Studio Solution File, Format Version 12.00
# Visual Studio Version 17
VisualStudioVersion = 17.6.33815.320
MinimumVisualStudioVersion = 10.0.40219.1
Project("{FAE04EC0-301F-11D3-BF4B-00C04F79EFBC}") = "Prueba-Listado", "Prueba-Listado\Prueba-Listado.csproj", "{46391AFB-7A1B-49CA-BA5D-3F534C2BE142}"
EndProject
Global
	GlobalSection(SolutionConfigurationPlatforms) = preSolution
		Debug|Any CPU = Debug|Any CPU
		Release|Any CPU = Release|Any CPU
	EndGlobalSection
	GlobalSection(ProjectConfigurationPlatforms) = postSolution
		{46391AFB-7A1B-49CA-BA5D-3F534C2BE142}.Debug|Any CPU.ActiveCfg = Debug|Any CPU
		{46391AFB-7A1B-49CA-BA5D-3F534C2BE142}.Debug|Any CPU.Build.0 = Debug|Any CPU
		{46391AFB-7A1B-49CA-BA5D-3F534C2BE142}.Release|Any CPU.ActiveCfg = Release|Any CPU
		{46391AFB-7A1B-49CA-BA5D-3F534C2BE142}.Release|Any CPU.Build.0 = Release|Any CPU
	EndGlobalSection
	GlobalSection(SolutionProperties) = preSolution
		HideSolutionNode = FALSE
	EndGlobalSection
	GlobalSection(ExtensibilityGlobals) = postSolution
		SolutionGuid = {90001183-695F-4F83-A4CF-68E1E672D4A0}
	EndGlobalSection
EndGlobal
